
Microsoft Visual Studio Solution File, Format Version 12.00
# Visual Studio Version 17
VisualStudioVersion = 17.9.34607.119
MinimumVisualStudioVersion = 10.0.40219.1
Project("{FAE04EC0-301F-11D3-BF4B-00C04F79EFBC}") = "Projeto_SD_Motas", "Projeto_SD_Motas\Projeto_SD_Motas.csproj", "{48D36F8B-6D9A-4D8C-AB1F-2B3DF73F5FCE}"
EndProject
Project("{FAE04EC0-301F-11D3-BF4B-00C04F79EFBC}") = "Server", "Server\Server.csproj", "{4C630FBE-5C2F-49B9-B8BA-9A946C56F90C}"
EndProject
Global
	GlobalSection(SolutionConfigurationPlatforms) = preSolution
		Debug|Any CPU = Debug|Any CPU
		Release|Any CPU = Release|Any CPU
	EndGlobalSection
	GlobalSection(ProjectConfigurationPlatforms) = postSolution
		{48D36F8B-6D9A-4D8C-AB1F-2B3DF73F5FCE}.Debug|Any CPU.ActiveCfg = Debug|Any CPU
		{48D36F8B-6D9A-4D8C-AB1F-2B3DF73F5FCE}.Debug|Any CPU.Build.0 = Debug|Any CPU
		{48D36F8B-6D9A-4D8C-AB1F-2B3DF73F5FCE}.Release|Any CPU.ActiveCfg = Release|Any CPU
		{48D36F8B-6D9A-4D8C-AB1F-2B3DF73F5FCE}.Release|Any CPU.Build.0 = Release|Any CPU
		{4C630FBE-5C2F-49B9-B8BA-9A946C56F90C}.Debug|Any CPU.ActiveCfg = Debug|Any CPU
		{4C630FBE-5C2F-49B9-B8BA-9A946C56F90C}.Debug|Any CPU.Build.0 = Debug|Any CPU
		{4C630FBE-5C2F-49B9-B8BA-9A946C56F90C}.Release|Any CPU.ActiveCfg = Release|Any CPU
		{4C630FBE-5C2F-49B9-B8BA-9A946C56F90C}.Release|Any CPU.Build.0 = Release|Any CPU
	EndGlobalSection
	GlobalSection(SolutionProperties) = preSolution
		HideSolutionNode = FALSE
	EndGlobalSection
	GlobalSection(ExtensibilityGlobals) = postSolution
		SolutionGuid = {C79DCE09-E323-400B-996E-B7634B0D9CBE}
	EndGlobalSection
EndGlobal
